// !$*UTF8*$!
{
	archiveVersion = 1;
	classes = {
	};
	objectVersion = 56;
	objects = {

/* Begin PBXBuildFile section */
		12F3B0B6C04D6226287B864D /* Pods_CashMore.framework in Frameworks */ = {isa = PBXBuildFile; fileRef = 885EE3408E4A382C87599EAC /* Pods_CashMore.framework */; };
		220E1A442A3440DE0054EEA8 /* EASpinnerLayer.swift in Sources */ = {isa = PBXBuildFile; fileRef = 220E1A3D2A3440DE0054EEA8 /* EASpinnerLayer.swift */; };
		220E1A452A3440DE0054EEA8 /* Enums.swift in Sources */ = {isa = PBXBuildFile; fileRef = 220E1A3E2A3440DE0054EEA8 /* Enums.swift */; };
		220E1A462A3440DE0054EEA8 /* EAAlertView.swift in Sources */ = {isa = PBXBuildFile; fileRef = 220E1A3F2A3440DE0054EEA8 /* EAAlertView.swift */; };
		220E1A472A3440DE0054EEA8 /* EASpinnerButton.swift in Sources */ = {isa = PBXBuildFile; fileRef = 220E1A402A3440DE0054EEA8 /* EASpinnerButton.swift */; };
		220E1A482A3440DE0054EEA8 /* EAAlertViewResponder.swift in Sources */ = {isa = PBXBuildFile; fileRef = 220E1A412A3440DE0054EEA8 /* EAAlertViewResponder.swift */; };
		220E1A492A3440DE0054EEA8 /* Extension.swift in Sources */ = {isa = PBXBuildFile; fileRef = 220E1A422A3440DE0054EEA8 /* Extension.swift */; };
		220E1A4A2A3440DE0054EEA8 /* EAButton.swift in Sources */ = {isa = PBXBuildFile; fileRef = 220E1A432A3440DE0054EEA8 /* EAButton.swift */; };
		220E1A4C2A3458EE0054EEA8 /* Date+Extension.swift in Sources */ = {isa = PBXBuildFile; fileRef = 220E1A4B2A3458EE0054EEA8 /* Date+Extension.swift */; };
		220E1A522A34619E0054EEA8 /* ListSelectionView.swift in Sources */ = {isa = PBXBuildFile; fileRef = 220E1A512A34619E0054EEA8 /* ListSelectionView.swift */; };
		220E1A542A3461AE0054EEA8 /* Selectionable.swift in Sources */ = {isa = PBXBuildFile; fileRef = 220E1A532A3461AE0054EEA8 /* Selectionable.swift */; };
		220E1A582A346FEA0054EEA8 /* SelectionCell.swift in Sources */ = {isa = PBXBuildFile; fileRef = 220E1A572A346FEA0054EEA8 /* SelectionCell.swift */; };
		220E1A5A2A347C6C0054EEA8 /* OptionModel.swift in Sources */ = {isa = PBXBuildFile; fileRef = 220E1A592A347C6C0054EEA8 /* OptionModel.swift */; };
		220E1A5C2A349AC20054EEA8 /* ContactModel.swift in Sources */ = {isa = PBXBuildFile; fileRef = 220E1A5B2A349AC20054EEA8 /* ContactModel.swift */; };
		2210F9372A27572F00577DC9 /* AppDelegate.swift in Sources */ = {isa = PBXBuildFile; fileRef = 2210F9362A27572F00577DC9 /* AppDelegate.swift */; };
		2210F9402A27573000577DC9 /* Assets.xcassets in Resources */ = {isa = PBXBuildFile; fileRef = 2210F93F2A27573000577DC9 /* Assets.xcassets */; };
		2210F9432A27573000577DC9 /* LaunchScreen.storyboard in Resources */ = {isa = PBXBuildFile; fileRef = 2210F9412A27573000577DC9 /* LaunchScreen.storyboard */; };
		2210F94D2A275ABD00577DC9 /* BaseViewController.swift in Sources */ = {isa = PBXBuildFile; fileRef = 2210F94C2A275ABD00577DC9 /* BaseViewController.swift */; };
		226208752A2D794D005E1F5C /* VerifyBoxField.swift in Sources */ = {isa = PBXBuildFile; fileRef = 226208722A2D794D005E1F5C /* VerifyBoxField.swift */; };
		226208762A2D794D005E1F5C /* VerifyBoxFieldTextPosition.swift in Sources */ = {isa = PBXBuildFile; fileRef = 226208732A2D794D005E1F5C /* VerifyBoxFieldTextPosition.swift */; };
		226208772A2D794D005E1F5C /* VerifyBoxFieldTextRange.swift in Sources */ = {isa = PBXBuildFile; fileRef = 226208742A2D794D005E1F5C /* VerifyBoxFieldTextRange.swift */; };
		226208802A2D8A35005E1F5C /* ActiveLabel.swift in Sources */ = {isa = PBXBuildFile; fileRef = 226208792A2D8A35005E1F5C /* ActiveLabel.swift */; };
		226208812A2D8A35005E1F5C /* RegexParser.swift in Sources */ = {isa = PBXBuildFile; fileRef = 2262087A2A2D8A35005E1F5C /* RegexParser.swift */; };
		226208822A2D8A35005E1F5C /* StringTrimExtension.swift in Sources */ = {isa = PBXBuildFile; fileRef = 2262087B2A2D8A35005E1F5C /* StringTrimExtension.swift */; };
		226208832A2D8A35005E1F5C /* ActiveBuilder.swift in Sources */ = {isa = PBXBuildFile; fileRef = 2262087C2A2D8A35005E1F5C /* ActiveBuilder.swift */; };
		226208842A2D8A35005E1F5C /* ActiveType.swift in Sources */ = {isa = PBXBuildFile; fileRef = 2262087D2A2D8A35005E1F5C /* ActiveType.swift */; };
		226208882A2D9EE5005E1F5C /* BaseScrollController.swift in Sources */ = {isa = PBXBuildFile; fileRef = 226208872A2D9EE5005E1F5C /* BaseScrollController.swift */; };
		2262088A2A2D9FB2005E1F5C /* KYCInfoController.swift in Sources */ = {isa = PBXBuildFile; fileRef = 226208892A2D9FB2005E1F5C /* KYCInfoController.swift */; };
		2262088C2A2DBCD7005E1F5C /* FormInputView.swift in Sources */ = {isa = PBXBuildFile; fileRef = 2262088B2A2DBCD7005E1F5C /* FormInputView.swift */; };
		226208912A2DCA25005E1F5C /* GenderChooseView.swift in Sources */ = {isa = PBXBuildFile; fileRef = 226208902A2DCA25005E1F5C /* GenderChooseView.swift */; };
		226208932A2DD7CF005E1F5C /* FormMultipleTextInputView.swift in Sources */ = {isa = PBXBuildFile; fileRef = 226208922A2DD7CF005E1F5C /* FormMultipleTextInputView.swift */; };
		226208952A2DD88A005E1F5C /* UITextView+Extension.swift in Sources */ = {isa = PBXBuildFile; fileRef = 226208942A2DD88A005E1F5C /* UITextView+Extension.swift */; };
		226208972A2DE679005E1F5C /* PhotoTipSheet.swift in Sources */ = {isa = PBXBuildFile; fileRef = 226208962A2DE679005E1F5C /* PhotoTipSheet.swift */; };
		226208992A2DF3CB005E1F5C /* PersonalnfoController.swift in Sources */ = {isa = PBXBuildFile; fileRef = 226208982A2DF3CB005E1F5C /* PersonalnfoController.swift */; };
		2262089B2A2ECB12005E1F5C /* ContactInfoInputView.swift in Sources */ = {isa = PBXBuildFile; fileRef = 2262089A2A2ECB12005E1F5C /* ContactInfoInputView.swift */; };
		2262089D2A2ED3D6005E1F5C /* ContactInfoController.swift in Sources */ = {isa = PBXBuildFile; fileRef = 2262089C2A2ED3D6005E1F5C /* ContactInfoController.swift */; };
		2262089F2A2ED8C6005E1F5C /* BankInfoController.swift in Sources */ = {isa = PBXBuildFile; fileRef = 2262089E2A2ED8C6005E1F5C /* BankInfoController.swift */; };
		226208A12A2EDCAB005E1F5C /* TipsSheet.swift in Sources */ = {isa = PBXBuildFile; fileRef = 226208A02A2EDCAB005E1F5C /* TipsSheet.swift */; };
		226208A32A2EFE00005E1F5C /* OrderPagingController.swift in Sources */ = {isa = PBXBuildFile; fileRef = 226208A22A2EFE00005E1F5C /* OrderPagingController.swift */; };
		226208A52A2F0AB3005E1F5C /* OrderCell.swift in Sources */ = {isa = PBXBuildFile; fileRef = 226208A42A2F0AB3005E1F5C /* OrderCell.swift */; };
		226208A72A2F102B005E1F5C /* OrderListController.swift in Sources */ = {isa = PBXBuildFile; fileRef = 226208A62A2F102B005E1F5C /* OrderListController.swift */; };
		226208B42A2F365F005E1F5C /* UIButton+PagingView.swift in Sources */ = {isa = PBXBuildFile; fileRef = 226208B32A2F365F005E1F5C /* UIButton+PagingView.swift */; };
		226208B62A2F3796005E1F5C /* UIScreen+PageingView.swift in Sources */ = {isa = PBXBuildFile; fileRef = 226208B52A2F3796005E1F5C /* UIScreen+PageingView.swift */; };
		226208C02A2F3827005E1F5C /* PagingContentView.swift in Sources */ = {isa = PBXBuildFile; fileRef = 226208BF2A2F3827005E1F5C /* PagingContentView.swift */; };
		226208C22A2F395B005E1F5C /* PagingContentScrollView.swift in Sources */ = {isa = PBXBuildFile; fileRef = 226208C12A2F395B005E1F5C /* PagingContentScrollView.swift */; };
		226208C42A2F3CAB005E1F5C /* PagingContentCollectionView.swift in Sources */ = {isa = PBXBuildFile; fileRef = 226208C32A2F3CAB005E1F5C /* PagingContentCollectionView.swift */; };
		226208C62A2F3FEC005E1F5C /* PagingTitleView.swift in Sources */ = {isa = PBXBuildFile; fileRef = 226208C52A2F3FEC005E1F5C /* PagingTitleView.swift */; };
		226208C82A2F401A005E1F5C /* PagingTitleViewConfigure.swift in Sources */ = {isa = PBXBuildFile; fileRef = 226208C72A2F401A005E1F5C /* PagingTitleViewConfigure.swift */; };
		226208CA2A302612005E1F5C /* OrderModel.swift in Sources */ = {isa = PBXBuildFile; fileRef = 226208C92A302612005E1F5C /* OrderModel.swift */; };
		226208CE2A303926005E1F5C /* ProductDetailController.swift in Sources */ = {isa = PBXBuildFile; fileRef = 226208CD2A303926005E1F5C /* ProductDetailController.swift */; };
		226208DD2A305C77005E1F5C /* NetworkError.swift in Sources */ = {isa = PBXBuildFile; fileRef = 226208DC2A305C77005E1F5C /* NetworkError.swift */; };
		226208DF2A305CFB005E1F5C /* NetworkMultipartData.swift in Sources */ = {isa = PBXBuildFile; fileRef = 226208DE2A305CFB005E1F5C /* NetworkMultipartData.swift */; };
		226208E12A305EA7005E1F5C /* NetworkApi.swift in Sources */ = {isa = PBXBuildFile; fileRef = 226208E02A305EA7005E1F5C /* NetworkApi.swift */; };
		226208E32A305FEE005E1F5C /* NetworkTool.swift in Sources */ = {isa = PBXBuildFile; fileRef = 226208E22A305FEE005E1F5C /* NetworkTool.swift */; };
		226208E52A3066E0005E1F5C /* NetworkRequest.swift in Sources */ = {isa = PBXBuildFile; fileRef = 226208E42A3066E0005E1F5C /* NetworkRequest.swift */; };
		226208E72A306B9A005E1F5C /* API.swift in Sources */ = {isa = PBXBuildFile; fileRef = 226208E62A306B9A005E1F5C /* API.swift */; };
		226208EF2A308695005E1F5C /* AdSupport.framework in Frameworks */ = {isa = PBXBuildFile; fileRef = 226208EE2A308695005E1F5C /* AdSupport.framework */; };
		226208F12A3086AA005E1F5C /* AdServices.framework in Frameworks */ = {isa = PBXBuildFile; fileRef = 226208F02A3086A9005E1F5C /* AdServices.framework */; };
		226208F52A3086C8005E1F5C /* AppTrackingTransparency.framework in Frameworks */ = {isa = PBXBuildFile; fileRef = 226208F42A3086C8005E1F5C /* AppTrackingTransparency.framework */; };
		226208FB2A30A9E2005E1F5C /* String+Extension.swift in Sources */ = {isa = PBXBuildFile; fileRef = 226208FA2A30A9E2005E1F5C /* String+Extension.swift */; };
		226208FF2A318A77005E1F5C /* BaseModel.swift in Sources */ = {isa = PBXBuildFile; fileRef = 226208FE2A318A77005E1F5C /* BaseModel.swift */; };
		226209012A31A1E2005E1F5C /* Codable+Extension.swift in Sources */ = {isa = PBXBuildFile; fileRef = 226209002A31A1E2005E1F5C /* Codable+Extension.swift */; };
		226209032A31B350005E1F5C /* APIService.swift in Sources */ = {isa = PBXBuildFile; fileRef = 226209022A31B350005E1F5C /* APIService.swift */; };
		226209062A32E2B5005E1F5C /* LoginController.swift in Sources */ = {isa = PBXBuildFile; fileRef = 226209052A32E2B5005E1F5C /* LoginController.swift */; };
		226209092A32E2D1005E1F5C /* LoginSuccessModel.swift in Sources */ = {isa = PBXBuildFile; fileRef = 226209082A32E2D1005E1F5C /* LoginSuccessModel.swift */; };
		2262090D2A32F24D005E1F5C /* PersonalCenterHeaderView.swift in Sources */ = {isa = PBXBuildFile; fileRef = 2262090C2A32F24D005E1F5C /* PersonalCenterHeaderView.swift */; };
		2262090F2A330090005E1F5C /* CertificationInfoModel.swift in Sources */ = {isa = PBXBuildFile; fileRef = 2262090E2A330090005E1F5C /* CertificationInfoModel.swift */; };
		226209112A33193A005E1F5C /* OSSParameters.swift in Sources */ = {isa = PBXBuildFile; fileRef = 226209102A33193A005E1F5C /* OSSParameters.swift */; };
		226209142A3328FE005E1F5C /* CoreTelephony.framework in Frameworks */ = {isa = PBXBuildFile; fileRef = 226209132A3328FE005E1F5C /* CoreTelephony.framework */; };
		226209162A33290A005E1F5C /* SystemConfiguration.framework in Frameworks */ = {isa = PBXBuildFile; fileRef = 226209152A332909005E1F5C /* SystemConfiguration.framework */; };
		226209182A332E05005E1F5C /* OCRModel.swift in Sources */ = {isa = PBXBuildFile; fileRef = 226209172A332E05005E1F5C /* OCRModel.swift */; };
		229939232A36C3A3000309DE /* OptionsModel.swift in Sources */ = {isa = PBXBuildFile; fileRef = 229939222A36C3A3000309DE /* OptionsModel.swift */; };
		229939292A372665000309DE /* PurchaseController.swift in Sources */ = {isa = PBXBuildFile; fileRef = 229939282A372665000309DE /* PurchaseController.swift */; };
		2299392B2A372C8E000309DE /* UserInfoModel.swift in Sources */ = {isa = PBXBuildFile; fileRef = 2299392A2A372C8E000309DE /* UserInfoModel.swift */; };
		2299392D2A37357E000309DE /* ProductDetailItemView.swift in Sources */ = {isa = PBXBuildFile; fileRef = 2299392C2A37357E000309DE /* ProductDetailItemView.swift */; };
		22A66A552A382D8C005E7835 /* InVivoDetectionController.swift in Sources */ = {isa = PBXBuildFile; fileRef = 22A66A542A382D8C005E7835 /* InVivoDetectionController.swift */; };
		22A66A572A38704F005E7835 /* UIDevice+Extension.swift in Sources */ = {isa = PBXBuildFile; fileRef = 22A66A562A38704F005E7835 /* UIDevice+Extension.swift */; };
		22A66A5B2A388E6F005E7835 /* LocationManager.swift in Sources */ = {isa = PBXBuildFile; fileRef = 22A66A5A2A388E6F005E7835 /* LocationManager.swift */; };
		22A66A5D2A398796005E7835 /* PurchaseSuccessController.swift in Sources */ = {isa = PBXBuildFile; fileRef = 22A66A5C2A398796005E7835 /* PurchaseSuccessController.swift */; };
		22A66A5F2A398F56005E7835 /* UIViewController+Extension.swift in Sources */ = {isa = PBXBuildFile; fileRef = 22A66A5E2A398F56005E7835 /* UIViewController+Extension.swift */; };
		22A66A642A39D6C6005E7835 /* ProductRepaidAndOverdueController.swift in Sources */ = {isa = PBXBuildFile; fileRef = 22A66A632A39D6C6005E7835 /* ProductRepaidAndOverdueController.swift */; };
		22A66A662A3ABBAD005E7835 /* RepayExtensionDetailController.swift in Sources */ = {isa = PBXBuildFile; fileRef = 22A66A652A3ABBAD005E7835 /* RepayExtensionDetailController.swift */; };
		22A66A692A3AC638005E7835 /* ExtensionRepayModel.swift in Sources */ = {isa = PBXBuildFile; fileRef = 22A66A682A3AC638005E7835 /* ExtensionRepayModel.swift */; };
		22A66A6B2A3AD144005E7835 /* RepaymentModel.swift in Sources */ = {isa = PBXBuildFile; fileRef = 22A66A6A2A3AD144005E7835 /* RepaymentModel.swift */; };
		22A66A6F2A3AF067005E7835 /* DisbursingFailDetailController.swift in Sources */ = {isa = PBXBuildFile; fileRef = 22A66A6E2A3AF067005E7835 /* DisbursingFailDetailController.swift */; };
		22A66A712A3AF37A005E7835 /* OrderDetailModel.swift in Sources */ = {isa = PBXBuildFile; fileRef = 22A66A702A3AF37A005E7835 /* OrderDetailModel.swift */; };
		22A66A772A3BFB18005E7835 /* ConfigFeedbackController.swift in Sources */ = {isa = PBXBuildFile; fileRef = 22A66A762A3BFB18005E7835 /* ConfigFeedbackController.swift */; };
		22A66A7A2A3C030C005E7835 /* ProblemChooseView.swift in Sources */ = {isa = PBXBuildFile; fileRef = 22A66A792A3C030C005E7835 /* ProblemChooseView.swift */; };
		22A66A7C2A3C10CF005E7835 /* ProblemPhotosView.swift in Sources */ = {isa = PBXBuildFile; fileRef = 22A66A7B2A3C10CF005E7835 /* ProblemPhotosView.swift */; };
		22A66A7E2A3C1760005E7835 /* PhotoItemView.swift in Sources */ = {isa = PBXBuildFile; fileRef = 22A66A7D2A3C1760005E7835 /* PhotoItemView.swift */; };
		22A66A812A3C437E005E7835 /* FeedbakModel.swift in Sources */ = {isa = PBXBuildFile; fileRef = 22A66A802A3C437D005E7835 /* FeedbakModel.swift */; };
		22A66A832A3C4874005E7835 /* FeedbackCell.swift in Sources */ = {isa = PBXBuildFile; fileRef = 22A66A822A3C4874005E7835 /* FeedbackCell.swift */; };
		22A66A852A3C5D5F005E7835 /* FeedbackDetailController.swift in Sources */ = {isa = PBXBuildFile; fileRef = 22A66A842A3C5D5F005E7835 /* FeedbackDetailController.swift */; };
		22CE9DA72A28395F006C5153 /* R.generated.swift in Sources */ = {isa = PBXBuildFile; fileRef = 22CE9DA62A28395F006C5153 /* R.generated.swift */; };
		22CE9DAA2A283C03006C5153 /* Constants.swift in Sources */ = {isa = PBXBuildFile; fileRef = 22CE9DA92A283C03006C5153 /* Constants.swift */; };
		22CE9DB12A2866DA006C5153 /* Prefix.swift in Sources */ = {isa = PBXBuildFile; fileRef = 22CE9DB02A2866DA006C5153 /* Prefix.swift */; };
		22CE9DB32A28670A006C5153 /* UIView+Extension.swift in Sources */ = {isa = PBXBuildFile; fileRef = 22CE9DB22A28670A006C5153 /* UIView+Extension.swift */; };
		22CE9DB62A286AF0006C5153 /* HomeController.swift in Sources */ = {isa = PBXBuildFile; fileRef = 22CE9DB52A286AF0006C5153 /* HomeController.swift */; };
		22CE9DBD2A28716D006C5153 /* HomeHeaderView.swift in Sources */ = {isa = PBXBuildFile; fileRef = 22CE9DBC2A28716D006C5153 /* HomeHeaderView.swift */; };
		22CE9DC12A287D0A006C5153 /* UIButton+Extension.swift in Sources */ = {isa = PBXBuildFile; fileRef = 22CE9DC02A287D0A006C5153 /* UIButton+Extension.swift */; };
		22CE9DC32A289624006C5153 /* HomeProductHeaderView.swift in Sources */ = {isa = PBXBuildFile; fileRef = 22CE9DC22A289624006C5153 /* HomeProductHeaderView.swift */; };
		22CE9DC52A289AEC006C5153 /* HomeProductCell.swift in Sources */ = {isa = PBXBuildFile; fileRef = 22CE9DC42A289AEC006C5153 /* HomeProductCell.swift */; };
		22CE9DCD2A298A99006C5153 /* PersonalCenterController.swift in Sources */ = {isa = PBXBuildFile; fileRef = 22CE9DCC2A298A99006C5153 /* PersonalCenterController.swift */; };
		22CE9DCF2A298F8F006C5153 /* BaseTableController.swift in Sources */ = {isa = PBXBuildFile; fileRef = 22CE9DCE2A298F8F006C5153 /* BaseTableController.swift */; };
		22CE9DD12A29B58D006C5153 /* AboutUsController.swift in Sources */ = {isa = PBXBuildFile; fileRef = 22CE9DD02A29B58D006C5153 /* AboutUsController.swift */; };
		22CE9DD32A29BA21006C5153 /* Bundle+Extension.swift in Sources */ = {isa = PBXBuildFile; fileRef = 22CE9DD22A29BA21006C5153 /* Bundle+Extension.swift */; };
		22CE9DDA2A29C631006C5153 /* FeedbackController.swift in Sources */ = {isa = PBXBuildFile; fileRef = 22CE9DD92A29C631006C5153 /* FeedbackController.swift */; };
		22CE9DDE2A29E4DE006C5153 /* CaptchaButton.swift in Sources */ = {isa = PBXBuildFile; fileRef = 22CE9DDD2A29E4DE006C5153 /* CaptchaButton.swift */; };
		22CE9DE02A29ED7D006C5153 /* UIImage+Extension.swift in Sources */ = {isa = PBXBuildFile; fileRef = 22CE9DDF2A29ED7D006C5153 /* UIImage+Extension.swift */; };
		22DC94442A33944700E621C8 /* OCRInputActionView.swift in Sources */ = {isa = PBXBuildFile; fileRef = 22DC94432A33944700E621C8 /* OCRInputActionView.swift */; };
/* End PBXBuildFile section */

/* Begin PBXFileReference section */
		220E1A3D2A3440DE0054EEA8 /* EASpinnerLayer.swift */ = {isa = PBXFileReference; fileEncoding = 4; lastKnownFileType = sourcecode.swift; path = EASpinnerLayer.swift; sourceTree = "<group>"; };
		220E1A3E2A3440DE0054EEA8 /* Enums.swift */ = {isa = PBXFileReference; fileEncoding = 4; lastKnownFileType = sourcecode.swift; path = Enums.swift; sourceTree = "<group>"; };
		220E1A3F2A3440DE0054EEA8 /* EAAlertView.swift */ = {isa = PBXFileReference; fileEncoding = 4; lastKnownFileType = sourcecode.swift; path = EAAlertView.swift; sourceTree = "<group>"; };
		220E1A402A3440DE0054EEA8 /* EASpinnerButton.swift */ = {isa = PBXFileReference; fileEncoding = 4; lastKnownFileType = sourcecode.swift; path = EASpinnerButton.swift; sourceTree = "<group>"; };
		220E1A412A3440DE0054EEA8 /* EAAlertViewResponder.swift */ = {isa = PBXFileReference; fileEncoding = 4; lastKnownFileType = sourcecode.swift; path = EAAlertViewResponder.swift; sourceTree = "<group>"; };
		220E1A422A3440DE0054EEA8 /* Extension.swift */ = {isa = PBXFileReference; fileEncoding = 4; lastKnownFileType = sourcecode.swift; path = Extension.swift; sourceTree = "<group>"; };
		220E1A432A3440DE0054EEA8 /* EAButton.swift */ = {isa = PBXFileReference; fileEncoding = 4; lastKnownFileType = sourcecode.swift; path = EAButton.swift; sourceTree = "<group>"; };
		220E1A4B2A3458EE0054EEA8 /* Date+Extension.swift */ = {isa = PBXFileReference; lastKnownFileType = sourcecode.swift; path = "Date+Extension.swift"; sourceTree = "<group>"; };
		220E1A512A34619E0054EEA8 /* ListSelectionView.swift */ = {isa = PBXFileReference; fileEncoding = 4; lastKnownFileType = sourcecode.swift; path = ListSelectionView.swift; sourceTree = "<group>"; };
		220E1A532A3461AE0054EEA8 /* Selectionable.swift */ = {isa = PBXFileReference; lastKnownFileType = sourcecode.swift; path = Selectionable.swift; sourceTree = "<group>"; };
		220E1A572A346FEA0054EEA8 /* SelectionCell.swift */ = {isa = PBXFileReference; lastKnownFileType = sourcecode.swift; path = SelectionCell.swift; sourceTree = "<group>"; };
		220E1A592A347C6C0054EEA8 /* OptionModel.swift */ = {isa = PBXFileReference; lastKnownFileType = sourcecode.swift; path = OptionModel.swift; sourceTree = "<group>"; };
		220E1A5B2A349AC20054EEA8 /* ContactModel.swift */ = {isa = PBXFileReference; lastKnownFileType = sourcecode.swift; path = ContactModel.swift; sourceTree = "<group>"; };
		2210F9332A27572F00577DC9 /* CashMore.app */ = {isa = PBXFileReference; explicitFileType = wrapper.application; includeInIndex = 0; path = CashMore.app; sourceTree = BUILT_PRODUCTS_DIR; };
		2210F9362A27572F00577DC9 /* AppDelegate.swift */ = {isa = PBXFileReference; lastKnownFileType = sourcecode.swift; path = AppDelegate.swift; sourceTree = "<group>"; };
		2210F93F2A27573000577DC9 /* Assets.xcassets */ = {isa = PBXFileReference; lastKnownFileType = folder.assetcatalog; path = Assets.xcassets; sourceTree = "<group>"; };
		2210F9422A27573000577DC9 /* Base */ = {isa = PBXFileReference; lastKnownFileType = file.storyboard; name = Base; path = Base.lproj/LaunchScreen.storyboard; sourceTree = "<group>"; };
		2210F9442A27573000577DC9 /* Info.plist */ = {isa = PBXFileReference; lastKnownFileType = text.plist.xml; path = Info.plist; sourceTree = "<group>"; };
		2210F94C2A275ABD00577DC9 /* BaseViewController.swift */ = {isa = PBXFileReference; lastKnownFileType = sourcecode.swift; path = BaseViewController.swift; sourceTree = "<group>"; };
		226208722A2D794D005E1F5C /* VerifyBoxField.swift */ = {isa = PBXFileReference; fileEncoding = 4; lastKnownFileType = sourcecode.swift; path = VerifyBoxField.swift; sourceTree = "<group>"; };
		226208732A2D794D005E1F5C /* VerifyBoxFieldTextPosition.swift */ = {isa = PBXFileReference; fileEncoding = 4; lastKnownFileType = sourcecode.swift; path = VerifyBoxFieldTextPosition.swift; sourceTree = "<group>"; };
		226208742A2D794D005E1F5C /* VerifyBoxFieldTextRange.swift */ = {isa = PBXFileReference; fileEncoding = 4; lastKnownFileType = sourcecode.swift; path = VerifyBoxFieldTextRange.swift; sourceTree = "<group>"; };
		226208792A2D8A35005E1F5C /* ActiveLabel.swift */ = {isa = PBXFileReference; fileEncoding = 4; lastKnownFileType = sourcecode.swift; path = ActiveLabel.swift; sourceTree = "<group>"; };
		2262087A2A2D8A35005E1F5C /* RegexParser.swift */ = {isa = PBXFileReference; fileEncoding = 4; lastKnownFileType = sourcecode.swift; path = RegexParser.swift; sourceTree = "<group>"; };
		2262087B2A2D8A35005E1F5C /* StringTrimExtension.swift */ = {isa = PBXFileReference; fileEncoding = 4; lastKnownFileType = sourcecode.swift; path = StringTrimExtension.swift; sourceTree = "<group>"; };
		2262087C2A2D8A35005E1F5C /* ActiveBuilder.swift */ = {isa = PBXFileReference; fileEncoding = 4; lastKnownFileType = sourcecode.swift; path = ActiveBuilder.swift; sourceTree = "<group>"; };
		2262087D2A2D8A35005E1F5C /* ActiveType.swift */ = {isa = PBXFileReference; fileEncoding = 4; lastKnownFileType = sourcecode.swift; path = ActiveType.swift; sourceTree = "<group>"; };
		226208872A2D9EE5005E1F5C /* BaseScrollController.swift */ = {isa = PBXFileReference; lastKnownFileType = sourcecode.swift; path = BaseScrollController.swift; sourceTree = "<group>"; };
		226208892A2D9FB2005E1F5C /* KYCInfoController.swift */ = {isa = PBXFileReference; lastKnownFileType = sourcecode.swift; path = KYCInfoController.swift; sourceTree = "<group>"; };
		2262088B2A2DBCD7005E1F5C /* FormInputView.swift */ = {isa = PBXFileReference; lastKnownFileType = sourcecode.swift; path = FormInputView.swift; sourceTree = "<group>"; };
		226208902A2DCA25005E1F5C /* GenderChooseView.swift */ = {isa = PBXFileReference; lastKnownFileType = sourcecode.swift; path = GenderChooseView.swift; sourceTree = "<group>"; };
		226208922A2DD7CF005E1F5C /* FormMultipleTextInputView.swift */ = {isa = PBXFileReference; lastKnownFileType = sourcecode.swift; path = FormMultipleTextInputView.swift; sourceTree = "<group>"; };
		226208942A2DD88A005E1F5C /* UITextView+Extension.swift */ = {isa = PBXFileReference; lastKnownFileType = sourcecode.swift; path = "UITextView+Extension.swift"; sourceTree = "<group>"; };
		226208962A2DE679005E1F5C /* PhotoTipSheet.swift */ = {isa = PBXFileReference; lastKnownFileType = sourcecode.swift; path = PhotoTipSheet.swift; sourceTree = "<group>"; };
		226208982A2DF3CB005E1F5C /* PersonalnfoController.swift */ = {isa = PBXFileReference; lastKnownFileType = sourcecode.swift; path = PersonalnfoController.swift; sourceTree = "<group>"; };
		2262089A2A2ECB12005E1F5C /* ContactInfoInputView.swift */ = {isa = PBXFileReference; lastKnownFileType = sourcecode.swift; path = ContactInfoInputView.swift; sourceTree = "<group>"; };
		2262089C2A2ED3D6005E1F5C /* ContactInfoController.swift */ = {isa = PBXFileReference; lastKnownFileType = sourcecode.swift; path = ContactInfoController.swift; sourceTree = "<group>"; };
		2262089E2A2ED8C6005E1F5C /* BankInfoController.swift */ = {isa = PBXFileReference; lastKnownFileType = sourcecode.swift; path = BankInfoController.swift; sourceTree = "<group>"; };
		226208A02A2EDCAB005E1F5C /* TipsSheet.swift */ = {isa = PBXFileReference; lastKnownFileType = sourcecode.swift; path = TipsSheet.swift; sourceTree = "<group>"; };
		226208A22A2EFE00005E1F5C /* OrderPagingController.swift */ = {isa = PBXFileReference; lastKnownFileType = sourcecode.swift; path = OrderPagingController.swift; sourceTree = "<group>"; };
		226208A42A2F0AB3005E1F5C /* OrderCell.swift */ = {isa = PBXFileReference; lastKnownFileType = sourcecode.swift; path = OrderCell.swift; sourceTree = "<group>"; };
		226208A62A2F102B005E1F5C /* OrderListController.swift */ = {isa = PBXFileReference; lastKnownFileType = sourcecode.swift; path = OrderListController.swift; sourceTree = "<group>"; };
		226208B32A2F365F005E1F5C /* UIButton+PagingView.swift */ = {isa = PBXFileReference; lastKnownFileType = sourcecode.swift; path = "UIButton+PagingView.swift"; sourceTree = "<group>"; };
		226208B52A2F3796005E1F5C /* UIScreen+PageingView.swift */ = {isa = PBXFileReference; lastKnownFileType = sourcecode.swift; path = "UIScreen+PageingView.swift"; sourceTree = "<group>"; };
		226208BF2A2F3827005E1F5C /* PagingContentView.swift */ = {isa = PBXFileReference; lastKnownFileType = sourcecode.swift; path = PagingContentView.swift; sourceTree = "<group>"; };
		226208C12A2F395B005E1F5C /* PagingContentScrollView.swift */ = {isa = PBXFileReference; lastKnownFileType = sourcecode.swift; path = PagingContentScrollView.swift; sourceTree = "<group>"; };
		226208C32A2F3CAB005E1F5C /* PagingContentCollectionView.swift */ = {isa = PBXFileReference; lastKnownFileType = sourcecode.swift; path = PagingContentCollectionView.swift; sourceTree = "<group>"; };
		226208C52A2F3FEC005E1F5C /* PagingTitleView.swift */ = {isa = PBXFileReference; lastKnownFileType = sourcecode.swift; path = PagingTitleView.swift; sourceTree = "<group>"; };
		226208C72A2F401A005E1F5C /* PagingTitleViewConfigure.swift */ = {isa = PBXFileReference; lastKnownFileType = sourcecode.swift; path = PagingTitleViewConfigure.swift; sourceTree = "<group>"; };
		226208C92A302612005E1F5C /* OrderModel.swift */ = {isa = PBXFileReference; lastKnownFileType = sourcecode.swift; path = OrderModel.swift; sourceTree = "<group>"; };
		226208CD2A303926005E1F5C /* ProductDetailController.swift */ = {isa = PBXFileReference; lastKnownFileType = sourcecode.swift; path = ProductDetailController.swift; sourceTree = "<group>"; };
		226208DC2A305C77005E1F5C /* NetworkError.swift */ = {isa = PBXFileReference; lastKnownFileType = sourcecode.swift; path = NetworkError.swift; sourceTree = "<group>"; };
		226208DE2A305CFB005E1F5C /* NetworkMultipartData.swift */ = {isa = PBXFileReference; lastKnownFileType = sourcecode.swift; path = NetworkMultipartData.swift; sourceTree = "<group>"; };
		226208E02A305EA7005E1F5C /* NetworkApi.swift */ = {isa = PBXFileReference; lastKnownFileType = sourcecode.swift; path = NetworkApi.swift; sourceTree = "<group>"; };
		226208E22A305FEE005E1F5C /* NetworkTool.swift */ = {isa = PBXFileReference; lastKnownFileType = sourcecode.swift; path = NetworkTool.swift; sourceTree = "<group>"; };
		226208E42A3066E0005E1F5C /* NetworkRequest.swift */ = {isa = PBXFileReference; lastKnownFileType = sourcecode.swift; path = NetworkRequest.swift; sourceTree = "<group>"; };
		226208E62A306B9A005E1F5C /* API.swift */ = {isa = PBXFileReference; lastKnownFileType = sourcecode.swift; path = API.swift; sourceTree = "<group>"; };
		226208EA2A308619005E1F5C /* CashMore-Bridging-Header.h */ = {isa = PBXFileReference; lastKnownFileType = sourcecode.c.h; path = "CashMore-Bridging-Header.h"; sourceTree = "<group>"; };
		226208EE2A308695005E1F5C /* AdSupport.framework */ = {isa = PBXFileReference; lastKnownFileType = wrapper.framework; name = AdSupport.framework; path = System/Library/Frameworks/AdSupport.framework; sourceTree = SDKROOT; };
		226208F02A3086A9005E1F5C /* AdServices.framework */ = {isa = PBXFileReference; lastKnownFileType = wrapper.framework; name = AdServices.framework; path = System/Library/Frameworks/AdServices.framework; sourceTree = SDKROOT; };
		226208F42A3086C8005E1F5C /* AppTrackingTransparency.framework */ = {isa = PBXFileReference; lastKnownFileType = wrapper.framework; name = AppTrackingTransparency.framework; path = System/Library/Frameworks/AppTrackingTransparency.framework; sourceTree = SDKROOT; };
		226208F62A3086D1005E1F5C /* WebKit.framework */ = {isa = PBXFileReference; lastKnownFileType = wrapper.framework; name = WebKit.framework; path = System/Library/Frameworks/WebKit.framework; sourceTree = SDKROOT; };
		226208FA2A30A9E2005E1F5C /* String+Extension.swift */ = {isa = PBXFileReference; lastKnownFileType = sourcecode.swift; path = "String+Extension.swift"; sourceTree = "<group>"; };
		226208FE2A318A77005E1F5C /* BaseModel.swift */ = {isa = PBXFileReference; lastKnownFileType = sourcecode.swift; path = BaseModel.swift; sourceTree = "<group>"; };
		226209002A31A1E2005E1F5C /* Codable+Extension.swift */ = {isa = PBXFileReference; lastKnownFileType = sourcecode.swift; path = "Codable+Extension.swift"; sourceTree = "<group>"; };
		226209022A31B350005E1F5C /* APIService.swift */ = {isa = PBXFileReference; lastKnownFileType = sourcecode.swift; path = APIService.swift; sourceTree = "<group>"; };
		226209052A32E2B5005E1F5C /* LoginController.swift */ = {isa = PBXFileReference; fileEncoding = 4; lastKnownFileType = sourcecode.swift; path = LoginController.swift; sourceTree = "<group>"; };
		226209082A32E2D1005E1F5C /* LoginSuccessModel.swift */ = {isa = PBXFileReference; lastKnownFileType = sourcecode.swift; path = LoginSuccessModel.swift; sourceTree = "<group>"; };
		2262090C2A32F24D005E1F5C /* PersonalCenterHeaderView.swift */ = {isa = PBXFileReference; lastKnownFileType = sourcecode.swift; path = PersonalCenterHeaderView.swift; sourceTree = "<group>"; };
		2262090E2A330090005E1F5C /* CertificationInfoModel.swift */ = {isa = PBXFileReference; lastKnownFileType = sourcecode.swift; path = CertificationInfoModel.swift; sourceTree = "<group>"; };
		226209102A33193A005E1F5C /* OSSParameters.swift */ = {isa = PBXFileReference; lastKnownFileType = sourcecode.swift; path = OSSParameters.swift; sourceTree = "<group>"; };
		226209122A3328F5005E1F5C /* libresolv.tbd */ = {isa = PBXFileReference; lastKnownFileType = "sourcecode.text-based-dylib-definition"; name = libresolv.tbd; path = usr/lib/libresolv.tbd; sourceTree = SDKROOT; };
		226209132A3328FE005E1F5C /* CoreTelephony.framework */ = {isa = PBXFileReference; lastKnownFileType = wrapper.framework; name = CoreTelephony.framework; path = System/Library/Frameworks/CoreTelephony.framework; sourceTree = SDKROOT; };
		226209152A332909005E1F5C /* SystemConfiguration.framework */ = {isa = PBXFileReference; lastKnownFileType = wrapper.framework; name = SystemConfiguration.framework; path = System/Library/Frameworks/SystemConfiguration.framework; sourceTree = SDKROOT; };
		226209172A332E05005E1F5C /* OCRModel.swift */ = {isa = PBXFileReference; lastKnownFileType = sourcecode.swift; path = OCRModel.swift; sourceTree = "<group>"; };
		229939222A36C3A3000309DE /* OptionsModel.swift */ = {isa = PBXFileReference; lastKnownFileType = sourcecode.swift; path = OptionsModel.swift; sourceTree = "<group>"; };
		229939282A372665000309DE /* PurchaseController.swift */ = {isa = PBXFileReference; lastKnownFileType = sourcecode.swift; path = PurchaseController.swift; sourceTree = "<group>"; };
		2299392A2A372C8E000309DE /* UserInfoModel.swift */ = {isa = PBXFileReference; lastKnownFileType = sourcecode.swift; path = UserInfoModel.swift; sourceTree = "<group>"; };
		2299392C2A37357E000309DE /* ProductDetailItemView.swift */ = {isa = PBXFileReference; lastKnownFileType = sourcecode.swift; path = ProductDetailItemView.swift; sourceTree = "<group>"; };
		22A66A542A382D8C005E7835 /* InVivoDetectionController.swift */ = {isa = PBXFileReference; lastKnownFileType = sourcecode.swift; path = InVivoDetectionController.swift; sourceTree = "<group>"; };
		22A66A562A38704F005E7835 /* UIDevice+Extension.swift */ = {isa = PBXFileReference; lastKnownFileType = sourcecode.swift; path = "UIDevice+Extension.swift"; sourceTree = "<group>"; };
		22A66A5A2A388E6F005E7835 /* LocationManager.swift */ = {isa = PBXFileReference; lastKnownFileType = sourcecode.swift; path = LocationManager.swift; sourceTree = "<group>"; };
		22A66A5C2A398796005E7835 /* PurchaseSuccessController.swift */ = {isa = PBXFileReference; lastKnownFileType = sourcecode.swift; path = PurchaseSuccessController.swift; sourceTree = "<group>"; };
		22A66A5E2A398F56005E7835 /* UIViewController+Extension.swift */ = {isa = PBXFileReference; lastKnownFileType = sourcecode.swift; path = "UIViewController+Extension.swift"; sourceTree = "<group>"; };
		22A66A632A39D6C6005E7835 /* ProductRepaidAndOverdueController.swift */ = {isa = PBXFileReference; lastKnownFileType = sourcecode.swift; path = ProductRepaidAndOverdueController.swift; sourceTree = "<group>"; };
		22A66A652A3ABBAD005E7835 /* RepayExtensionDetailController.swift */ = {isa = PBXFileReference; lastKnownFileType = sourcecode.swift; path = RepayExtensionDetailController.swift; sourceTree = "<group>"; };
		22A66A682A3AC638005E7835 /* ExtensionRepayModel.swift */ = {isa = PBXFileReference; lastKnownFileType = sourcecode.swift; path = ExtensionRepayModel.swift; sourceTree = "<group>"; };
		22A66A6A2A3AD144005E7835 /* RepaymentModel.swift */ = {isa = PBXFileReference; lastKnownFileType = sourcecode.swift; path = RepaymentModel.swift; sourceTree = "<group>"; };
		22A66A6E2A3AF067005E7835 /* DisbursingFailDetailController.swift */ = {isa = PBXFileReference; lastKnownFileType = sourcecode.swift; path = DisbursingFailDetailController.swift; sourceTree = "<group>"; };
		22A66A702A3AF37A005E7835 /* OrderDetailModel.swift */ = {isa = PBXFileReference; lastKnownFileType = sourcecode.swift; path = OrderDetailModel.swift; sourceTree = "<group>"; };
		22A66A762A3BFB18005E7835 /* ConfigFeedbackController.swift */ = {isa = PBXFileReference; lastKnownFileType = sourcecode.swift; path = ConfigFeedbackController.swift; sourceTree = "<group>"; };
		22A66A792A3C030C005E7835 /* ProblemChooseView.swift */ = {isa = PBXFileReference; lastKnownFileType = sourcecode.swift; path = ProblemChooseView.swift; sourceTree = "<group>"; };
		22A66A7B2A3C10CF005E7835 /* ProblemPhotosView.swift */ = {isa = PBXFileReference; lastKnownFileType = sourcecode.swift; path = ProblemPhotosView.swift; sourceTree = "<group>"; };
		22A66A7D2A3C1760005E7835 /* PhotoItemView.swift */ = {isa = PBXFileReference; lastKnownFileType = sourcecode.swift; path = PhotoItemView.swift; sourceTree = "<group>"; };
		22A66A802A3C437D005E7835 /* FeedbakModel.swift */ = {isa = PBXFileReference; lastKnownFileType = sourcecode.swift; path = FeedbakModel.swift; sourceTree = "<group>"; };
		22A66A822A3C4874005E7835 /* FeedbackCell.swift */ = {isa = PBXFileReference; lastKnownFileType = sourcecode.swift; path = FeedbackCell.swift; sourceTree = "<group>"; };
		22A66A842A3C5D5F005E7835 /* FeedbackDetailController.swift */ = {isa = PBXFileReference; lastKnownFileType = sourcecode.swift; path = FeedbackDetailController.swift; sourceTree = "<group>"; };
		22CE9DA62A28395F006C5153 /* R.generated.swift */ = {isa = PBXFileReference; fileEncoding = 4; lastKnownFileType = sourcecode.swift; path = R.generated.swift; sourceTree = "<group>"; };
		22CE9DA92A283C03006C5153 /* Constants.swift */ = {isa = PBXFileReference; lastKnownFileType = sourcecode.swift; path = Constants.swift; sourceTree = "<group>"; };
		22CE9DB02A2866DA006C5153 /* Prefix.swift */ = {isa = PBXFileReference; fileEncoding = 4; lastKnownFileType = sourcecode.swift; path = Prefix.swift; sourceTree = "<group>"; };
		22CE9DB22A28670A006C5153 /* UIView+Extension.swift */ = {isa = PBXFileReference; fileEncoding = 4; lastKnownFileType = sourcecode.swift; path = "UIView+Extension.swift"; sourceTree = "<group>"; };
		22CE9DB52A286AF0006C5153 /* HomeController.swift */ = {isa = PBXFileReference; lastKnownFileType = sourcecode.swift; path = HomeController.swift; sourceTree = "<group>"; };
		22CE9DBC2A28716D006C5153 /* HomeHeaderView.swift */ = {isa = PBXFileReference; lastKnownFileType = sourcecode.swift; path = HomeHeaderView.swift; sourceTree = "<group>"; };
		22CE9DC02A287D0A006C5153 /* UIButton+Extension.swift */ = {isa = PBXFileReference; lastKnownFileType = sourcecode.swift; path = "UIButton+Extension.swift"; sourceTree = "<group>"; };
		22CE9DC22A289624006C5153 /* HomeProductHeaderView.swift */ = {isa = PBXFileReference; lastKnownFileType = sourcecode.swift; path = HomeProductHeaderView.swift; sourceTree = "<group>"; };
		22CE9DC42A289AEC006C5153 /* HomeProductCell.swift */ = {isa = PBXFileReference; lastKnownFileType = sourcecode.swift; path = HomeProductCell.swift; sourceTree = "<group>"; };
		22CE9DCC2A298A99006C5153 /* PersonalCenterController.swift */ = {isa = PBXFileReference; lastKnownFileType = sourcecode.swift; path = PersonalCenterController.swift; sourceTree = "<group>"; };
		22CE9DCE2A298F8F006C5153 /* BaseTableController.swift */ = {isa = PBXFileReference; lastKnownFileType = sourcecode.swift; path = BaseTableController.swift; sourceTree = "<group>"; };
		22CE9DD02A29B58D006C5153 /* AboutUsController.swift */ = {isa = PBXFileReference; lastKnownFileType = sourcecode.swift; path = AboutUsController.swift; sourceTree = "<group>"; };
		22CE9DD22A29BA21006C5153 /* Bundle+Extension.swift */ = {isa = PBXFileReference; lastKnownFileType = sourcecode.swift; path = "Bundle+Extension.swift"; sourceTree = "<group>"; };
		22CE9DD92A29C631006C5153 /* FeedbackController.swift */ = {isa = PBXFileReference; lastKnownFileType = sourcecode.swift; path = FeedbackController.swift; sourceTree = "<group>"; };
		22CE9DDD2A29E4DE006C5153 /* CaptchaButton.swift */ = {isa = PBXFileReference; lastKnownFileType = sourcecode.swift; path = CaptchaButton.swift; sourceTree = "<group>"; };
		22CE9DDF2A29ED7D006C5153 /* UIImage+Extension.swift */ = {isa = PBXFileReference; lastKnownFileType = sourcecode.swift; path = "UIImage+Extension.swift"; sourceTree = "<group>"; };
		22DC94432A33944700E621C8 /* OCRInputActionView.swift */ = {isa = PBXFileReference; lastKnownFileType = sourcecode.swift; path = OCRInputActionView.swift; sourceTree = "<group>"; };
		885EE3408E4A382C87599EAC /* Pods_CashMore.framework */ = {isa = PBXFileReference; explicitFileType = wrapper.framework; includeInIndex = 0; path = Pods_CashMore.framework; sourceTree = BUILT_PRODUCTS_DIR; };
		98FC385BFB5E6C5522B0D1CF /* Pods-CashMore.release.xcconfig */ = {isa = PBXFileReference; includeInIndex = 1; lastKnownFileType = text.xcconfig; name = "Pods-CashMore.release.xcconfig"; path = "Target Support Files/Pods-CashMore/Pods-CashMore.release.xcconfig"; sourceTree = "<group>"; };
		A857C5B77B3D73AE87CCA890 /* Pods-CashMore.debug.xcconfig */ = {isa = PBXFileReference; includeInIndex = 1; lastKnownFileType = text.xcconfig; name = "Pods-CashMore.debug.xcconfig"; path = "Target Support Files/Pods-CashMore/Pods-CashMore.debug.xcconfig"; sourceTree = "<group>"; };
/* End PBXFileReference section */

/* Begin PBXFrameworksBuildPhase section */
		2210F9302A27572F00577DC9 /* Frameworks */ = {
			isa = PBXFrameworksBuildPhase;
			buildActionMask = 2147483647;
			files = (
				226208F52A3086C8005E1F5C /* AppTrackingTransparency.framework in Frameworks */,
				226209162A33290A005E1F5C /* SystemConfiguration.framework in Frameworks */,
				12F3B0B6C04D6226287B864D /* Pods_CashMore.framework in Frameworks */,
				226208EF2A308695005E1F5C /* AdSupport.framework in Frameworks */,
				226208F12A3086AA005E1F5C /* AdServices.framework in Frameworks */,
				226209142A3328FE005E1F5C /* CoreTelephony.framework in Frameworks */,
			);
			runOnlyForDeploymentPostprocessing = 0;
		};
/* End PBXFrameworksBuildPhase section */

/* Begin PBXGroup section */
		220E1A3C2A3440DE0054EEA8 /* EAAlertView */ = {
			isa = PBXGroup;
			children = (
				220E1A3D2A3440DE0054EEA8 /* EASpinnerLayer.swift */,
				220E1A3E2A3440DE0054EEA8 /* Enums.swift */,
				220E1A3F2A3440DE0054EEA8 /* EAAlertView.swift */,
				220E1A402A3440DE0054EEA8 /* EASpinnerButton.swift */,
				220E1A412A3440DE0054EEA8 /* EAAlertViewResponder.swift */,
				220E1A422A3440DE0054EEA8 /* Extension.swift */,
				220E1A432A3440DE0054EEA8 /* EAButton.swift */,
			);
			path = EAAlertView;
			sourceTree = "<group>";
		};
		220E1A4D2A3460610054EEA8 /* Common */ = {
			isa = PBXGroup;
			children = (
				22CE9DA92A283C03006C5153 /* Constants.swift */,
				226208A02A2EDCAB005E1F5C /* TipsSheet.swift */,
				220E1A502A34619E0054EEA8 /* ListSelectionView */,
			);
			path = Common;
			sourceTree = "<group>";
		};
		220E1A502A34619E0054EEA8 /* ListSelectionView */ = {
			isa = PBXGroup;
			children = (
				220E1A512A34619E0054EEA8 /* ListSelectionView.swift */,
				220E1A572A346FEA0054EEA8 /* SelectionCell.swift */,
				220E1A532A3461AE0054EEA8 /* Selectionable.swift */,
			);
			path = ListSelectionView;
			sourceTree = "<group>";
		};
		2210F92A2A27572F00577DC9 = {
			isa = PBXGroup;
			children = (
				2210F9352A27572F00577DC9 /* CashMore */,
				2210F9342A27572F00577DC9 /* Products */,
				74158D772B14544D7985207B /* Pods */,
				72DF2B2107695A4E8A47C033 /* Frameworks */,
			);
			sourceTree = "<group>";
		};
		2210F9342A27572F00577DC9 /* Products */ = {
			isa = PBXGroup;
			children = (
				2210F9332A27572F00577DC9 /* CashMore.app */,
			);
			name = Products;
			sourceTree = "<group>";
		};
		2210F9352A27572F00577DC9 /* CashMore */ = {
			isa = PBXGroup;
			children = (
				220E1A4D2A3460610054EEA8 /* Common */,
				22CE9DA82A283BE1006C5153 /* Util */,
				2210F94A2A275A3400577DC9 /* Main */,
				226208D12A305428005E1F5C /* Network */,
				22CE9DAF2A28669A006C5153 /* Extensions */,
				2210F94B2A275A5C00577DC9 /* Resources */,
				22CE9DAB2A285107006C5153 /* Component */,
			);
			path = CashMore;
			sourceTree = "<group>";
		};
		2210F94A2A275A3400577DC9 /* Main */ = {
			isa = PBXGroup;
			children = (
				2210F9362A27572F00577DC9 /* AppDelegate.swift */,
				2210F94C2A275ABD00577DC9 /* BaseViewController.swift */,
				22CE9DCE2A298F8F006C5153 /* BaseTableController.swift */,
				226208872A2D9EE5005E1F5C /* BaseScrollController.swift */,
			);
			path = Main;
			sourceTree = "<group>";
		};
		2210F94B2A275A5C00577DC9 /* Resources */ = {
			isa = PBXGroup;
			children = (
				226208EA2A308619005E1F5C /* CashMore-Bridging-Header.h */,
				22CE9DA62A28395F006C5153 /* R.generated.swift */,
				2210F93F2A27573000577DC9 /* Assets.xcassets */,
				2210F9412A27573000577DC9 /* LaunchScreen.storyboard */,
				2210F9442A27573000577DC9 /* Info.plist */,
			);
			path = Resources;
			sourceTree = "<group>";
		};
		226208712A2D794D005E1F5C /* VerifyBoxField */ = {
			isa = PBXGroup;
			children = (
				226208722A2D794D005E1F5C /* VerifyBoxField.swift */,
				226208732A2D794D005E1F5C /* VerifyBoxFieldTextPosition.swift */,
				226208742A2D794D005E1F5C /* VerifyBoxFieldTextRange.swift */,
			);
			path = VerifyBoxField;
			sourceTree = "<group>";
		};
		226208782A2D8A35005E1F5C /* ActiveLabel */ = {
			isa = PBXGroup;
			children = (
				226208792A2D8A35005E1F5C /* ActiveLabel.swift */,
				2262087A2A2D8A35005E1F5C /* RegexParser.swift */,
				2262087B2A2D8A35005E1F5C /* StringTrimExtension.swift */,
				2262087C2A2D8A35005E1F5C /* ActiveBuilder.swift */,
				2262087D2A2D8A35005E1F5C /* ActiveType.swift */,
			);
			path = ActiveLabel;
			sourceTree = "<group>";
		};
		226208862A2D9E49005E1F5C /* Certification */ = {
			isa = PBXGroup;
			children = (
				2262088E2A2DCA09005E1F5C /* Controller */,
				2262088F2A2DCA09005E1F5C /* Model */,
				2262088D2A2DCA09005E1F5C /* View */,
			);
			path = Certification;
			sourceTree = "<group>";
		};
		2262088D2A2DCA09005E1F5C /* View */ = {
			isa = PBXGroup;
			children = (
				226208962A2DE679005E1F5C /* PhotoTipSheet.swift */,
				22DC94432A33944700E621C8 /* OCRInputActionView.swift */,
				2262088B2A2DBCD7005E1F5C /* FormInputView.swift */,
				226208902A2DCA25005E1F5C /* GenderChooseView.swift */,
				2262089A2A2ECB12005E1F5C /* ContactInfoInputView.swift */,
				226208922A2DD7CF005E1F5C /* FormMultipleTextInputView.swift */,
			);
			path = View;
			sourceTree = "<group>";
		};
		2262088E2A2DCA09005E1F5C /* Controller */ = {
			isa = PBXGroup;
			children = (
				226208892A2D9FB2005E1F5C /* KYCInfoController.swift */,
				2262089E2A2ED8C6005E1F5C /* BankInfoController.swift */,
				226208982A2DF3CB005E1F5C /* PersonalnfoController.swift */,
				2262089C2A2ED3D6005E1F5C /* ContactInfoController.swift */,
			);
			path = Controller;
			sourceTree = "<group>";
		};
		2262088F2A2DCA09005E1F5C /* Model */ = {
			isa = PBXGroup;
			children = (
				226209102A33193A005E1F5C /* OSSParameters.swift */,
				226209172A332E05005E1F5C /* OCRModel.swift */,
				220E1A592A347C6C0054EEA8 /* OptionModel.swift */,
				220E1A5B2A349AC20054EEA8 /* ContactModel.swift */,
				229939222A36C3A3000309DE /* OptionsModel.swift */,
				2262090E2A330090005E1F5C /* CertificationInfoModel.swift */,
			);
			path = Model;
			sourceTree = "<group>";
		};
		226208AF2A2F364B005E1F5C /* PagingView */ = {
			isa = PBXGroup;
			children = (
				226208B02A2F364B005E1F5C /* Extentsion */,
				226208B12A2F364B005E1F5C /* Content */,
				226208B22A2F364B005E1F5C /* PagingTitle */,
			);
			path = PagingView;
			sourceTree = "<group>";
		};
		226208B02A2F364B005E1F5C /* Extentsion */ = {
			isa = PBXGroup;
			children = (
				226208B32A2F365F005E1F5C /* UIButton+PagingView.swift */,
				226208B52A2F3796005E1F5C /* UIScreen+PageingView.swift */,
			);
			path = Extentsion;
			sourceTree = "<group>";
		};
		226208B12A2F364B005E1F5C /* Content */ = {
			isa = PBXGroup;
			children = (
				226208BF2A2F3827005E1F5C /* PagingContentView.swift */,
				226208C12A2F395B005E1F5C /* PagingContentScrollView.swift */,
				226208C32A2F3CAB005E1F5C /* PagingContentCollectionView.swift */,
			);
			path = Content;
			sourceTree = "<group>";
		};
		226208B22A2F364B005E1F5C /* PagingTitle */ = {
			isa = PBXGroup;
			children = (
				226208C52A2F3FEC005E1F5C /* PagingTitleView.swift */,
				226208C72A2F401A005E1F5C /* PagingTitleViewConfigure.swift */,
			);
			path = PagingTitle;
			sourceTree = "<group>";
		};
		226208D12A305428005E1F5C /* Network */ = {
			isa = PBXGroup;
			children = (
				226208E62A306B9A005E1F5C /* API.swift */,
				226209022A31B350005E1F5C /* APIService.swift */,
				226208E02A305EA7005E1F5C /* NetworkApi.swift */,
				226208E22A305FEE005E1F5C /* NetworkTool.swift */,
				226208DC2A305C77005E1F5C /* NetworkError.swift */,
				226208DE2A305CFB005E1F5C /* NetworkMultipartData.swift */,
				226208E42A3066E0005E1F5C /* NetworkRequest.swift */,
				226208FE2A318A77005E1F5C /* BaseModel.swift */,
			);
			path = Network;
			sourceTree = "<group>";
		};
		226209042A32E2B5005E1F5C /* Controller */ = {
			isa = PBXGroup;
			children = (
				226209052A32E2B5005E1F5C /* LoginController.swift */,
			);
			path = Controller;
			sourceTree = "<group>";
		};
		226209072A32E2C0005E1F5C /* Model */ = {
			isa = PBXGroup;
			children = (
				226209082A32E2D1005E1F5C /* LoginSuccessModel.swift */,
			);
			path = Model;
			sourceTree = "<group>";
		};
		22A66A602A39D62E005E7835 /* Product */ = {
			isa = PBXGroup;
			children = (
				22A66A612A39D65C005E7835 /* View */,
				22A66A672A3AC614005E7835 /* Model */,
				22A66A622A39D65C005E7835 /* Controller */,
			);
			path = Product;
			sourceTree = "<group>";
		};
		22A66A612A39D65C005E7835 /* View */ = {
			isa = PBXGroup;
			children = (
				2299392C2A37357E000309DE /* ProductDetailItemView.swift */,
			);
			path = View;
			sourceTree = "<group>";
		};
		22A66A622A39D65C005E7835 /* Controller */ = {
			isa = PBXGroup;
			children = (
				229939282A372665000309DE /* PurchaseController.swift */,
				22A66A542A382D8C005E7835 /* InVivoDetectionController.swift */,
				22A66A5C2A398796005E7835 /* PurchaseSuccessController.swift */,
				226208CD2A303926005E1F5C /* ProductDetailController.swift */,
				22A66A632A39D6C6005E7835 /* ProductRepaidAndOverdueController.swift */,
				22A66A652A3ABBAD005E7835 /* RepayExtensionDetailController.swift */,
			);
			path = Controller;
			sourceTree = "<group>";
		};
		22A66A672A3AC614005E7835 /* Model */ = {
			isa = PBXGroup;
			children = (
				2299392A2A372C8E000309DE /* UserInfoModel.swift */,
				22A66A682A3AC638005E7835 /* ExtensionRepayModel.swift */,
				22A66A6A2A3AD144005E7835 /* RepaymentModel.swift */,
			);
			path = Model;
			sourceTree = "<group>";
		};
		22A66A782A3C02E0005E7835 /* View */ = {
			isa = PBXGroup;
			children = (
				22A66A792A3C030C005E7835 /* ProblemChooseView.swift */,
				22A66A7B2A3C10CF005E7835 /* ProblemPhotosView.swift */,
				22A66A7D2A3C1760005E7835 /* PhotoItemView.swift */,
				22A66A822A3C4874005E7835 /* FeedbackCell.swift */,
			);
			path = View;
			sourceTree = "<group>";
		};
		22A66A7F2A3C4365005E7835 /* Model */ = {
			isa = PBXGroup;
			children = (
				22A66A802A3C437D005E7835 /* FeedbakModel.swift */,
			);
			path = Model;
			sourceTree = "<group>";
		};
		22CE9DA82A283BE1006C5153 /* Util */ = {
			isa = PBXGroup;
			children = (
				220E1A3C2A3440DE0054EEA8 /* EAAlertView */,
				226208AF2A2F364B005E1F5C /* PagingView */,
				226208782A2D8A35005E1F5C /* ActiveLabel */,
				226208712A2D794D005E1F5C /* VerifyBoxField */,
				22CE9DDD2A29E4DE006C5153 /* CaptchaButton.swift */,
				22A66A5A2A388E6F005E7835 /* LocationManager.swift */,
			);
			path = Util;
			sourceTree = "<group>";
		};
		22CE9DAB2A285107006C5153 /* Component */ = {
			isa = PBXGroup;
			children = (
				22CE9DB52A286AF0006C5153 /* HomeController.swift */,
				22CE9DD42A29BF4A006C5153 /* Login */,
				22CE9DB42A286AC8006C5153 /* Order */,
				22A66A602A39D62E005E7835 /* Product */,
				22CE9DD72A29C602006C5153 /* Feedback */,
				226208862A2D9E49005E1F5C /* Certification */,
				22CE9DC82A298A57006C5153 /* PersonalCenter */,
			);
			path = Component;
			sourceTree = "<group>";
		};
		22CE9DAF2A28669A006C5153 /* Extensions */ = {
			isa = PBXGroup;
			children = (
				22CE9DB02A2866DA006C5153 /* Prefix.swift */,
				22CE9DB22A28670A006C5153 /* UIView+Extension.swift */,
				22CE9DC02A287D0A006C5153 /* UIButton+Extension.swift */,
				22CE9DD22A29BA21006C5153 /* Bundle+Extension.swift */,
				22CE9DDF2A29ED7D006C5153 /* UIImage+Extension.swift */,
				226208942A2DD88A005E1F5C /* UITextView+Extension.swift */,
				226208FA2A30A9E2005E1F5C /* String+Extension.swift */,
				226209002A31A1E2005E1F5C /* Codable+Extension.swift */,
				220E1A4B2A3458EE0054EEA8 /* Date+Extension.swift */,
				22A66A562A38704F005E7835 /* UIDevice+Extension.swift */,
				22A66A5E2A398F56005E7835 /* UIViewController+Extension.swift */,
			);
			path = Extensions;
			sourceTree = "<group>";
		};
		22CE9DB42A286AC8006C5153 /* Order */ = {
			isa = PBXGroup;
			children = (
				22CE9DB72A2870F3006C5153 /* Controller */,
				22CE9DB92A2870F3006C5153 /* Model */,
				22CE9DB82A2870F3006C5153 /* View */,
			);
			path = Order;
			sourceTree = "<group>";
		};
		22CE9DB72A2870F3006C5153 /* Controller */ = {
			isa = PBXGroup;
			children = (
				226208A62A2F102B005E1F5C /* OrderListController.swift */,
				226208A22A2EFE00005E1F5C /* OrderPagingController.swift */,
				22A66A6E2A3AF067005E7835 /* DisbursingFailDetailController.swift */,
			);
			path = Controller;
			sourceTree = "<group>";
		};
		22CE9DB82A2870F3006C5153 /* View */ = {
			isa = PBXGroup;
			children = (
				226208A42A2F0AB3005E1F5C /* OrderCell.swift */,
				22CE9DC42A289AEC006C5153 /* HomeProductCell.swift */,
				22CE9DBC2A28716D006C5153 /* HomeHeaderView.swift */,
				22CE9DC22A289624006C5153 /* HomeProductHeaderView.swift */,
			);
			path = View;
			sourceTree = "<group>";
		};
		22CE9DB92A2870F3006C5153 /* Model */ = {
			isa = PBXGroup;
			children = (
				226208C92A302612005E1F5C /* OrderModel.swift */,
				22A66A702A3AF37A005E7835 /* OrderDetailModel.swift */,
			);
			path = Model;
			sourceTree = "<group>";
		};
		22CE9DC82A298A57006C5153 /* PersonalCenter */ = {
			isa = PBXGroup;
			children = (
				22CE9DC92A298A72006C5153 /* Controller */,
				22CE9DCA2A298A72006C5153 /* Model */,
				22CE9DCB2A298A72006C5153 /* View */,
			);
			path = PersonalCenter;
			sourceTree = "<group>";
		};
		22CE9DC92A298A72006C5153 /* Controller */ = {
			isa = PBXGroup;
			children = (
				22CE9DD02A29B58D006C5153 /* AboutUsController.swift */,
				22CE9DCC2A298A99006C5153 /* PersonalCenterController.swift */,
			);
			path = Controller;
			sourceTree = "<group>";
		};
		22CE9DCA2A298A72006C5153 /* Model */ = {
			isa = PBXGroup;
			children = (
			);
			path = Model;
			sourceTree = "<group>";
		};
		22CE9DCB2A298A72006C5153 /* View */ = {
			isa = PBXGroup;
			children = (
				2262090C2A32F24D005E1F5C /* PersonalCenterHeaderView.swift */,
			);
			path = View;
			sourceTree = "<group>";
		};
		22CE9DD42A29BF4A006C5153 /* Login */ = {
			isa = PBXGroup;
			children = (
				226209072A32E2C0005E1F5C /* Model */,
				226209042A32E2B5005E1F5C /* Controller */,
			);
			path = Login;
			sourceTree = "<group>";
		};
		22CE9DD72A29C602006C5153 /* Feedback */ = {
			isa = PBXGroup;
			children = (
				22A66A782A3C02E0005E7835 /* View */,
				22A66A7F2A3C4365005E7835 /* Model */,
				22CE9DD82A29C619006C5153 /* Controller */,
			);
			path = Feedback;
			sourceTree = "<group>";
		};
		22CE9DD82A29C619006C5153 /* Controller */ = {
			isa = PBXGroup;
			children = (
				22CE9DD92A29C631006C5153 /* FeedbackController.swift */,
				22A66A762A3BFB18005E7835 /* ConfigFeedbackController.swift */,
				22A66A842A3C5D5F005E7835 /* FeedbackDetailController.swift */,
			);
			path = Controller;
			sourceTree = "<group>";
		};
		72DF2B2107695A4E8A47C033 /* Frameworks */ = {
			isa = PBXGroup;
			children = (
				226209152A332909005E1F5C /* SystemConfiguration.framework */,
				226209132A3328FE005E1F5C /* CoreTelephony.framework */,
				226209122A3328F5005E1F5C /* libresolv.tbd */,
				226208F62A3086D1005E1F5C /* WebKit.framework */,
				226208F42A3086C8005E1F5C /* AppTrackingTransparency.framework */,
				226208F02A3086A9005E1F5C /* AdServices.framework */,
				226208EE2A308695005E1F5C /* AdSupport.framework */,
				885EE3408E4A382C87599EAC /* Pods_CashMore.framework */,
			);
			name = Frameworks;
			sourceTree = "<group>";
		};
		74158D772B14544D7985207B /* Pods */ = {
			isa = PBXGroup;
			children = (
				A857C5B77B3D73AE87CCA890 /* Pods-CashMore.debug.xcconfig */,
				98FC385BFB5E6C5522B0D1CF /* Pods-CashMore.release.xcconfig */,
			);
			path = Pods;
			sourceTree = "<group>";
		};
/* End PBXGroup section */

/* Begin PBXNativeTarget section */
		2210F9322A27572F00577DC9 /* CashMore */ = {
			isa = PBXNativeTarget;
			buildConfigurationList = 2210F9472A27573000577DC9 /* Build configuration list for PBXNativeTarget "CashMore" */;
			buildPhases = (
				12F5766C2DE4CC18B0997795 /* [CP] Check Pods Manifest.lock */,
				22CE9DA42A2831CB006C5153 /* ShellScript */,
				2210F92F2A27572F00577DC9 /* Sources */,
				2210F9302A27572F00577DC9 /* Frameworks */,
				2210F9312A27572F00577DC9 /* Resources */,
				5C7AB37ED3B631BFD4851C4D /* [CP] Embed Pods Frameworks */,
			);
			buildRules = (
			);
			dependencies = (
			);
			name = CashMore;
			productName = CashMore;
			productReference = 2210F9332A27572F00577DC9 /* CashMore.app */;
			productType = "com.apple.product-type.application";
		};
/* End PBXNativeTarget section */

/* Begin PBXProject section */
		2210F92B2A27572F00577DC9 /* Project object */ = {
			isa = PBXProject;
			attributes = {
				BuildIndependentTargetsInParallel = 1;
				LastSwiftUpdateCheck = 1430;
				LastUpgradeCheck = 1430;
				TargetAttributes = {
					2210F9322A27572F00577DC9 = {
						CreatedOnToolsVersion = 14.3;
						LastSwiftMigration = 1430;
					};
				};
			};
			buildConfigurationList = 2210F92E2A27572F00577DC9 /* Build configuration list for PBXProject "CashMore" */;
			compatibilityVersion = "Xcode 14.0";
			developmentRegion = en;
			hasScannedForEncodings = 0;
			knownRegions = (
				en,
				Base,
			);
			mainGroup = 2210F92A2A27572F00577DC9;
			productRefGroup = 2210F9342A27572F00577DC9 /* Products */;
			projectDirPath = "";
			projectRoot = "";
			targets = (
				2210F9322A27572F00577DC9 /* CashMore */,
			);
		};
/* End PBXProject section */

/* Begin PBXResourcesBuildPhase section */
		2210F9312A27572F00577DC9 /* Resources */ = {
			isa = PBXResourcesBuildPhase;
			buildActionMask = 2147483647;
			files = (
				2210F9432A27573000577DC9 /* LaunchScreen.storyboard in Resources */,
				2210F9402A27573000577DC9 /* Assets.xcassets in Resources */,
			);
			runOnlyForDeploymentPostprocessing = 0;
		};
/* End PBXResourcesBuildPhase section */

/* Begin PBXShellScriptBuildPhase section */
		12F5766C2DE4CC18B0997795 /* [CP] Check Pods Manifest.lock */ = {
			isa = PBXShellScriptBuildPhase;
			buildActionMask = 2147483647;
			files = (
			);
			inputFileListPaths = (
			);
			inputPaths = (
				"${PODS_PODFILE_DIR_PATH}/Podfile.lock",
				"${PODS_ROOT}/Manifest.lock",
			);
			name = "[CP] Check Pods Manifest.lock";
			outputFileListPaths = (
			);
			outputPaths = (
				"$(DERIVED_FILE_DIR)/Pods-CashMore-checkManifestLockResult.txt",
			);
			runOnlyForDeploymentPostprocessing = 0;
			shellPath = /bin/sh;
			shellScript = "diff \"${PODS_PODFILE_DIR_PATH}/Podfile.lock\" \"${PODS_ROOT}/Manifest.lock\" > /dev/null\nif [ $? != 0 ] ; then\n    # print error to STDERR\n    echo \"error: The sandbox is not in sync with the Podfile.lock. Run 'pod install' or update your CocoaPods installation.\" >&2\n    exit 1\nfi\n# This output is used by Xcode 'outputs' to avoid re-running this script phase.\necho \"SUCCESS\" > \"${SCRIPT_OUTPUT_FILE_0}\"\n";
			showEnvVarsInLog = 0;
		};
		22CE9DA42A2831CB006C5153 /* ShellScript */ = {
			isa = PBXShellScriptBuildPhase;
			alwaysOutOfDate = 1;
			buildActionMask = 2147483647;
			files = (
			);
			inputFileListPaths = (
			);
			inputPaths = (
			);
			outputFileListPaths = (
			);
			outputPaths = (
				$SRCROOT/CashMore/Resources/R.generated.swift,
			);
			runOnlyForDeploymentPostprocessing = 0;
			shellPath = /bin/sh;
			shellScript = "\"$PODS_ROOT/R.swift/rswift\" generate \"$SRCROOT/CashMore/Resources/R.generated.swift\"\n";
		};
		5C7AB37ED3B631BFD4851C4D /* [CP] Embed Pods Frameworks */ = {
			isa = PBXShellScriptBuildPhase;
			buildActionMask = 2147483647;
			files = (
			);
			inputFileListPaths = (
				"${PODS_ROOT}/Target Support Files/Pods-CashMore/Pods-CashMore-frameworks-${CONFIGURATION}-input-files.xcfilelist",
			);
			name = "[CP] Embed Pods Frameworks";
			outputFileListPaths = (
				"${PODS_ROOT}/Target Support Files/Pods-CashMore/Pods-CashMore-frameworks-${CONFIGURATION}-output-files.xcfilelist",
			);
			runOnlyForDeploymentPostprocessing = 0;
			shellPath = /bin/sh;
			shellScript = "\"${PODS_ROOT}/Target Support Files/Pods-CashMore/Pods-CashMore-frameworks.sh\"\n";
			showEnvVarsInLog = 0;
		};
/* End PBXShellScriptBuildPhase section */

/* Begin PBXSourcesBuildPhase section */
		2210F92F2A27572F00577DC9 /* Sources */ = {
			isa = PBXSourcesBuildPhase;
			buildActionMask = 2147483647;
			files = (
				22A66A812A3C437E005E7835 /* FeedbakModel.swift in Sources */,
				226208C82A2F401A005E1F5C /* PagingTitleViewConfigure.swift in Sources */,
				220E1A472A3440DE0054EEA8 /* EASpinnerButton.swift in Sources */,
				22A66A5D2A398796005E7835 /* PurchaseSuccessController.swift in Sources */,
				226208B62A2F3796005E1F5C /* UIScreen+PageingView.swift in Sources */,
				226208812A2D8A35005E1F5C /* RegexParser.swift in Sources */,
				2299392D2A37357E000309DE /* ProductDetailItemView.swift in Sources */,
				22A66A6B2A3AD144005E7835 /* RepaymentModel.swift in Sources */,
				2299392B2A372C8E000309DE /* UserInfoModel.swift in Sources */,
				22A66A692A3AC638005E7835 /* ExtensionRepayModel.swift in Sources */,
				22A66A712A3AF37A005E7835 /* OrderDetailModel.swift in Sources */,
				226208802A2D8A35005E1F5C /* ActiveLabel.swift in Sources */,
				226208912A2DCA25005E1F5C /* GenderChooseView.swift in Sources */,
				22A66A642A39D6C6005E7835 /* ProductRepaidAndOverdueController.swift in Sources */,
				2210F9372A27572F00577DC9 /* AppDelegate.swift in Sources */,
				226208772A2D794D005E1F5C /* VerifyBoxFieldTextRange.swift in Sources */,
				22CE9DDE2A29E4DE006C5153 /* CaptchaButton.swift in Sources */,
				22CE9DB32A28670A006C5153 /* UIView+Extension.swift in Sources */,
				22CE9DB62A286AF0006C5153 /* HomeController.swift in Sources */,
				22A66A852A3C5D5F005E7835 /* FeedbackDetailController.swift in Sources */,
				226208E52A3066E0005E1F5C /* NetworkRequest.swift in Sources */,
				226208C22A2F395B005E1F5C /* PagingContentScrollView.swift in Sources */,
				22A66A552A382D8C005E7835 /* InVivoDetectionController.swift in Sources */,
				2262088C2A2DBCD7005E1F5C /* FormInputView.swift in Sources */,
				226209062A32E2B5005E1F5C /* LoginController.swift in Sources */,
				226208A32A2EFE00005E1F5C /* OrderPagingController.swift in Sources */,
				22A66A772A3BFB18005E7835 /* ConfigFeedbackController.swift in Sources */,
				226208E72A306B9A005E1F5C /* API.swift in Sources */,
				22CE9DC52A289AEC006C5153 /* HomeProductCell.swift in Sources */,
				22A66A7E2A3C1760005E7835 /* PhotoItemView.swift in Sources */,
				2262089F2A2ED8C6005E1F5C /* BankInfoController.swift in Sources */,
				226208972A2DE679005E1F5C /* PhotoTipSheet.swift in Sources */,
				22CE9DB12A2866DA006C5153 /* Prefix.swift in Sources */,
				22A66A6F2A3AF067005E7835 /* DisbursingFailDetailController.swift in Sources */,
				229939292A372665000309DE /* PurchaseController.swift in Sources */,
				22A66A572A38704F005E7835 /* UIDevice+Extension.swift in Sources */,
				220E1A482A3440DE0054EEA8 /* EAAlertViewResponder.swift in Sources */,
				226208CE2A303926005E1F5C /* ProductDetailController.swift in Sources */,
				22CE9DCF2A298F8F006C5153 /* BaseTableController.swift in Sources */,
				22A66A5F2A398F56005E7835 /* UIViewController+Extension.swift in Sources */,
				22CE9DE02A29ED7D006C5153 /* UIImage+Extension.swift in Sources */,
				22A66A7A2A3C030C005E7835 /* ProblemChooseView.swift in Sources */,
				22CE9DCD2A298A99006C5153 /* PersonalCenterController.swift in Sources */,
				226208C02A2F3827005E1F5C /* PagingContentView.swift in Sources */,
				226208832A2D8A35005E1F5C /* ActiveBuilder.swift in Sources */,
				226209012A31A1E2005E1F5C /* Codable+Extension.swift in Sources */,
				226209182A332E05005E1F5C /* OCRModel.swift in Sources */,
				22A66A5B2A388E6F005E7835 /* LocationManager.swift in Sources */,
				226208952A2DD88A005E1F5C /* UITextView+Extension.swift in Sources */,
				22CE9DD32A29BA21006C5153 /* Bundle+Extension.swift in Sources */,
				220E1A462A3440DE0054EEA8 /* EAAlertView.swift in Sources */,
				22CE9DD12A29B58D006C5153 /* AboutUsController.swift in Sources */,
				2210F94D2A275ABD00577DC9 /* BaseViewController.swift in Sources */,
				226208B42A2F365F005E1F5C /* UIButton+PagingView.swift in Sources */,
				22DC94442A33944700E621C8 /* OCRInputActionView.swift in Sources */,
				226208FF2A318A77005E1F5C /* BaseModel.swift in Sources */,
				226209112A33193A005E1F5C /* OSSParameters.swift in Sources */,
				220E1A4C2A3458EE0054EEA8 /* Date+Extension.swift in Sources */,
				2262089D2A2ED3D6005E1F5C /* ContactInfoController.swift in Sources */,
				220E1A442A3440DE0054EEA8 /* EASpinnerLayer.swift in Sources */,
				22CE9DC12A287D0A006C5153 /* UIButton+Extension.swift in Sources */,
				226208FB2A30A9E2005E1F5C /* String+Extension.swift in Sources */,
				226208E12A305EA7005E1F5C /* NetworkApi.swift in Sources */,
				220E1A582A346FEA0054EEA8 /* SelectionCell.swift in Sources */,
				226208A72A2F102B005E1F5C /* OrderListController.swift in Sources */,
				226208A52A2F0AB3005E1F5C /* OrderCell.swift in Sources */,
				22A66A832A3C4874005E7835 /* FeedbackCell.swift in Sources */,
				2262090F2A330090005E1F5C /* CertificationInfoModel.swift in Sources */,
				226208762A2D794D005E1F5C /* VerifyBoxFieldTextPosition.swift in Sources */,
				220E1A522A34619E0054EEA8 /* ListSelectionView.swift in Sources */,
				22A66A662A3ABBAD005E7835 /* RepayExtensionDetailController.swift in Sources */,
				226208822A2D8A35005E1F5C /* StringTrimExtension.swift in Sources */,
				220E1A492A3440DE0054EEA8 /* Extension.swift in Sources */,
				220E1A542A3461AE0054EEA8 /* Selectionable.swift in Sources */,
				226208DF2A305CFB005E1F5C /* NetworkMultipartData.swift in Sources */,
				226209032A31B350005E1F5C /* APIService.swift in Sources */,
				226208CA2A302612005E1F5C /* OrderModel.swift in Sources */,
				22A66A7C2A3C10CF005E7835 /* ProblemPhotosView.swift in Sources */,
				226208932A2DD7CF005E1F5C /* FormMultipleTextInputView.swift in Sources */,
				226208A12A2EDCAB005E1F5C /* TipsSheet.swift in Sources */,
				226208842A2D8A35005E1F5C /* ActiveType.swift in Sources */,
				226208882A2D9EE5005E1F5C /* BaseScrollController.swift in Sources */,
				2262088A2A2D9FB2005E1F5C /* KYCInfoController.swift in Sources */,
				226208E32A305FEE005E1F5C /* NetworkTool.swift in Sources */,
				220E1A5C2A349AC20054EEA8 /* ContactModel.swift in Sources */,
				226208DD2A305C77005E1F5C /* NetworkError.swift in Sources */,
				2262090D2A32F24D005E1F5C /* PersonalCenterHeaderView.swift in Sources */,
				220E1A5A2A347C6C0054EEA8 /* OptionModel.swift in Sources */,
				226209092A32E2D1005E1F5C /* LoginSuccessModel.swift in Sources */,
				226208992A2DF3CB005E1F5C /* PersonalnfoController.swift in Sources */,
				22CE9DA72A28395F006C5153 /* R.generated.swift in Sources */,
				22CE9DDA2A29C631006C5153 /* FeedbackController.swift in Sources */,
				2262089B2A2ECB12005E1F5C /* ContactInfoInputView.swift in Sources */,
				226208C62A2F3FEC005E1F5C /* PagingTitleView.swift in Sources */,
				22CE9DAA2A283C03006C5153 /* Constants.swift in Sources */,
				226208C42A2F3CAB005E1F5C /* PagingContentCollectionView.swift in Sources */,
				22CE9DBD2A28716D006C5153 /* HomeHeaderView.swift in Sources */,
				22CE9DC32A289624006C5153 /* HomeProductHeaderView.swift in Sources */,
				220E1A452A3440DE0054EEA8 /* Enums.swift in Sources */,
				226208752A2D794D005E1F5C /* VerifyBoxField.swift in Sources */,
				220E1A4A2A3440DE0054EEA8 /* EAButton.swift in Sources */,
				229939232A36C3A3000309DE /* OptionsModel.swift in Sources */,
			);
			runOnlyForDeploymentPostprocessing = 0;
		};
/* End PBXSourcesBuildPhase section */

/* Begin PBXVariantGroup section */
		2210F9412A27573000577DC9 /* LaunchScreen.storyboard */ = {
			isa = PBXVariantGroup;
			children = (
				2210F9422A27573000577DC9 /* Base */,
			);
			name = LaunchScreen.storyboard;
			sourceTree = "<group>";
		};
/* End PBXVariantGroup section */

/* Begin XCBuildConfiguration section */
		2210F9452A27573000577DC9 /* Debug */ = {
			isa = XCBuildConfiguration;
			buildSettings = {
				ALWAYS_SEARCH_USER_PATHS = NO;
				CLANG_ANALYZER_NONNULL = YES;
				CLANG_ANALYZER_NUMBER_OBJECT_CONVERSION = YES_AGGRESSIVE;
				CLANG_CXX_LANGUAGE_STANDARD = "gnu++20";
				CLANG_ENABLE_MODULES = YES;
				CLANG_ENABLE_OBJC_ARC = YES;
				CLANG_ENABLE_OBJC_WEAK = YES;
				CLANG_WARN_BLOCK_CAPTURE_AUTORELEASING = YES;
				CLANG_WARN_BOOL_CONVERSION = YES;
				CLANG_WARN_COMMA = YES;
				CLANG_WARN_CONSTANT_CONVERSION = YES;
				CLANG_WARN_DEPRECATED_OBJC_IMPLEMENTATIONS = YES;
				CLANG_WARN_DIRECT_OBJC_ISA_USAGE = YES_ERROR;
				CLANG_WARN_DOCUMENTATION_COMMENTS = YES;
				CLANG_WARN_EMPTY_BODY = YES;
				CLANG_WARN_ENUM_CONVERSION = YES;
				CLANG_WARN_INFINITE_RECURSION = YES;
				CLANG_WARN_INT_CONVERSION = YES;
				CLANG_WARN_NON_LITERAL_NULL_CONVERSION = YES;
				CLANG_WARN_OBJC_IMPLICIT_RETAIN_SELF = YES;
				CLANG_WARN_OBJC_LITERAL_CONVERSION = YES;
				CLANG_WARN_OBJC_ROOT_CLASS = YES_ERROR;
				CLANG_WARN_QUOTED_INCLUDE_IN_FRAMEWORK_HEADER = YES;
				CLANG_WARN_RANGE_LOOP_ANALYSIS = YES;
				CLANG_WARN_STRICT_PROTOTYPES = YES;
				CLANG_WARN_SUSPICIOUS_MOVE = YES;
				CLANG_WARN_UNGUARDED_AVAILABILITY = YES_AGGRESSIVE;
				CLANG_WARN_UNREACHABLE_CODE = YES;
				CLANG_WARN__DUPLICATE_METHOD_MATCH = YES;
				COPY_PHASE_STRIP = NO;
				DEBUG_INFORMATION_FORMAT = dwarf;
				ENABLE_STRICT_OBJC_MSGSEND = YES;
				ENABLE_TESTABILITY = YES;
				GCC_C_LANGUAGE_STANDARD = gnu11;
				GCC_DYNAMIC_NO_PIC = NO;
				GCC_NO_COMMON_BLOCKS = YES;
				GCC_OPTIMIZATION_LEVEL = 0;
				GCC_PREPROCESSOR_DEFINITIONS = (
					"DEBUG=1",
					"$(inherited)",
				);
				GCC_WARN_64_TO_32_BIT_CONVERSION = YES;
				GCC_WARN_ABOUT_RETURN_TYPE = YES_ERROR;
				GCC_WARN_UNDECLARED_SELECTOR = YES;
				GCC_WARN_UNINITIALIZED_AUTOS = YES_AGGRESSIVE;
				GCC_WARN_UNUSED_FUNCTION = YES;
				GCC_WARN_UNUSED_VARIABLE = YES;
				IPHONEOS_DEPLOYMENT_TARGET = 12.0;
				MTL_ENABLE_DEBUG_INFO = INCLUDE_SOURCE;
				MTL_FAST_MATH = YES;
				ONLY_ACTIVE_ARCH = YES;
				SDKROOT = iphoneos;
				SWIFT_ACTIVE_COMPILATION_CONDITIONS = DEBUG;
				SWIFT_OPTIMIZATION_LEVEL = "-Onone";
			};
			name = Debug;
		};
		2210F9462A27573000577DC9 /* Release */ = {
			isa = XCBuildConfiguration;
			buildSettings = {
				ALWAYS_SEARCH_USER_PATHS = NO;
				CLANG_ANALYZER_NONNULL = YES;
				CLANG_ANALYZER_NUMBER_OBJECT_CONVERSION = YES_AGGRESSIVE;
				CLANG_CXX_LANGUAGE_STANDARD = "gnu++20";
				CLANG_ENABLE_MODULES = YES;
				CLANG_ENABLE_OBJC_ARC = YES;
				CLANG_ENABLE_OBJC_WEAK = YES;
				CLANG_WARN_BLOCK_CAPTURE_AUTORELEASING = YES;
				CLANG_WARN_BOOL_CONVERSION = YES;
				CLANG_WARN_COMMA = YES;
				CLANG_WARN_CONSTANT_CONVERSION = YES;
				CLANG_WARN_DEPRECATED_OBJC_IMPLEMENTATIONS = YES;
				CLANG_WARN_DIRECT_OBJC_ISA_USAGE = YES_ERROR;
				CLANG_WARN_DOCUMENTATION_COMMENTS = YES;
				CLANG_WARN_EMPTY_BODY = YES;
				CLANG_WARN_ENUM_CONVERSION = YES;
				CLANG_WARN_INFINITE_RECURSION = YES;
				CLANG_WARN_INT_CONVERSION = YES;
				CLANG_WARN_NON_LITERAL_NULL_CONVERSION = YES;
				CLANG_WARN_OBJC_IMPLICIT_RETAIN_SELF = YES;
				CLANG_WARN_OBJC_LITERAL_CONVERSION = YES;
				CLANG_WARN_OBJC_ROOT_CLASS = YES_ERROR;
				CLANG_WARN_QUOTED_INCLUDE_IN_FRAMEWORK_HEADER = YES;
				CLANG_WARN_RANGE_LOOP_ANALYSIS = YES;
				CLANG_WARN_STRICT_PROTOTYPES = YES;
				CLANG_WARN_SUSPICIOUS_MOVE = YES;
				CLANG_WARN_UNGUARDED_AVAILABILITY = YES_AGGRESSIVE;
				CLANG_WARN_UNREACHABLE_CODE = YES;
				CLANG_WARN__DUPLICATE_METHOD_MATCH = YES;
				COPY_PHASE_STRIP = NO;
				DEBUG_INFORMATION_FORMAT = "dwarf-with-dsym";
				ENABLE_NS_ASSERTIONS = NO;
				ENABLE_STRICT_OBJC_MSGSEND = YES;
				GCC_C_LANGUAGE_STANDARD = gnu11;
				GCC_NO_COMMON_BLOCKS = YES;
				GCC_WARN_64_TO_32_BIT_CONVERSION = YES;
				GCC_WARN_ABOUT_RETURN_TYPE = YES_ERROR;
				GCC_WARN_UNDECLARED_SELECTOR = YES;
				GCC_WARN_UNINITIALIZED_AUTOS = YES_AGGRESSIVE;
				GCC_WARN_UNUSED_FUNCTION = YES;
				GCC_WARN_UNUSED_VARIABLE = YES;
				IPHONEOS_DEPLOYMENT_TARGET = 12.0;
				MTL_ENABLE_DEBUG_INFO = NO;
				MTL_FAST_MATH = YES;
				SDKROOT = iphoneos;
				SWIFT_COMPILATION_MODE = wholemodule;
				SWIFT_OPTIMIZATION_LEVEL = "-O";
				VALIDATE_PRODUCT = YES;
			};
			name = Release;
		};
		2210F9482A27573000577DC9 /* Debug */ = {
			isa = XCBuildConfiguration;
			baseConfigurationReference = A857C5B77B3D73AE87CCA890 /* Pods-CashMore.debug.xcconfig */;
			buildSettings = {
				ASSETCATALOG_COMPILER_APPICON_NAME = AppIcon;
				ASSETCATALOG_COMPILER_GLOBAL_ACCENT_COLOR_NAME = AccentColor;
				CLANG_ENABLE_MODULES = YES;
				CODE_SIGN_IDENTITY = "Apple Development";
				CODE_SIGN_STYLE = Automatic;
				CURRENT_PROJECT_VERSION = 1;
				DEVELOPMENT_TEAM = 7R9X78KKXW;
				GENERATE_INFOPLIST_FILE = YES;
				INFOPLIST_FILE = CashMore/Resources/Info.plist;
				INFOPLIST_KEY_CFBundleDisplayName = "Cash More";
				INFOPLIST_KEY_NSCameraUsageDescription = "CashMore App must obtain your camera permission to take photos and upload";
				INFOPLIST_KEY_NSContactsUsageDescription = "Please allow CashMore visit your Contacts";
				INFOPLIST_KEY_NSLocationAlwaysAndWhenInUseUsageDescription = "Please allow CashMore to use your location";
				INFOPLIST_KEY_NSLocationWhenInUseUsageDescription = "Please allow CashMore to use your location";
				INFOPLIST_KEY_NSPhotoLibraryAddUsageDescription = "Please allow CashMore visit your photo library";
				INFOPLIST_KEY_NSPhotoLibraryUsageDescription = "Please allow CashMore visit your photo library";
				INFOPLIST_KEY_UIApplicationSupportsIndirectInputEvents = YES;
				INFOPLIST_KEY_UILaunchStoryboardName = LaunchScreen;
				INFOPLIST_KEY_UIRequiresFullScreen = YES;
				INFOPLIST_KEY_UISupportedInterfaceOrientations = UIInterfaceOrientationPortrait;
				IPHONEOS_DEPLOYMENT_TARGET = 12.0;
				LD_RUNPATH_SEARCH_PATHS = (
					"$(inherited)",
					"@executable_path/Frameworks",
				);
				MARKETING_VERSION = 1.0.0;
				PRODUCT_BUNDLE_IDENTIFIER = org.cocoapods.CashMore;
				PRODUCT_NAME = "$(TARGET_NAME)";
				PROVISIONING_PROFILE_SPECIFIER = "";
				SWIFT_EMIT_LOC_STRINGS = YES;
				SWIFT_OBJC_BRIDGING_HEADER = "CashMore/Resources/CashMore-Bridging-Header.h";
				SWIFT_OPTIMIZATION_LEVEL = "-Onone";
				SWIFT_VERSION = 5.0;
				TARGETED_DEVICE_FAMILY = "1,2";
			};
			name = Debug;
		};
		2210F9492A27573000577DC9 /* Release */ = {
			isa = XCBuildConfiguration;
			baseConfigurationReference = 98FC385BFB5E6C5522B0D1CF /* Pods-CashMore.release.xcconfig */;
			buildSettings = {
				ASSETCATALOG_COMPILER_APPICON_NAME = AppIcon;
				ASSETCATALOG_COMPILER_GLOBAL_ACCENT_COLOR_NAME = AccentColor;
				CLANG_ENABLE_MODULES = YES;
				CODE_SIGN_IDENTITY = "Apple Development";
				CODE_SIGN_STYLE = Automatic;
				CURRENT_PROJECT_VERSION = 1;
				DEVELOPMENT_TEAM = 7R9X78KKXW;
				GENERATE_INFOPLIST_FILE = YES;
				INFOPLIST_FILE = CashMore/Resources/Info.plist;
				INFOPLIST_KEY_CFBundleDisplayName = "Cash More";
				INFOPLIST_KEY_NSCameraUsageDescription = "CashMore App must obtain your camera permission to take photos and upload";
				INFOPLIST_KEY_NSContactsUsageDescription = "Please allow CashMore visit your Contacts";
				INFOPLIST_KEY_NSLocationAlwaysAndWhenInUseUsageDescription = "Please allow CashMore to use your location";
				INFOPLIST_KEY_NSLocationWhenInUseUsageDescription = "Please allow CashMore to use your location";
				INFOPLIST_KEY_NSPhotoLibraryAddUsageDescription = "Please allow CashMore visit your photo library";
				INFOPLIST_KEY_NSPhotoLibraryUsageDescription = "Please allow CashMore visit your photo library";
				INFOPLIST_KEY_UIApplicationSupportsIndirectInputEvents = YES;
				INFOPLIST_KEY_UILaunchStoryboardName = LaunchScreen;
				INFOPLIST_KEY_UIRequiresFullScreen = YES;
				INFOPLIST_KEY_UISupportedInterfaceOrientations = UIInterfaceOrientationPortrait;
				IPHONEOS_DEPLOYMENT_TARGET = 12.0;
				LD_RUNPATH_SEARCH_PATHS = (
					"$(inherited)",
					"@executable_path/Frameworks",
				);
				MARKETING_VERSION = 1.0.0;
				PRODUCT_BUNDLE_IDENTIFIER = org.cocoapods.CashMore;
				PRODUCT_NAME = "$(TARGET_NAME)";
				PROVISIONING_PROFILE_SPECIFIER = "";
				SWIFT_EMIT_LOC_STRINGS = YES;
				SWIFT_OBJC_BRIDGING_HEADER = "CashMore/Resources/CashMore-Bridging-Header.h";
				SWIFT_VERSION = 5.0;
				TARGETED_DEVICE_FAMILY = "1,2";
			};
			name = Release;
		};
/* End XCBuildConfiguration section */

/* Begin XCConfigurationList section */
		2210F92E2A27572F00577DC9 /* Build configuration list for PBXProject "CashMore" */ = {
			isa = XCConfigurationList;
			buildConfigurations = (
				2210F9452A27573000577DC9 /* Debug */,
				2210F9462A27573000577DC9 /* Release */,
			);
			defaultConfigurationIsVisible = 0;
			defaultConfigurationName = Release;
		};
		2210F9472A27573000577DC9 /* Build configuration list for PBXNativeTarget "CashMore" */ = {
			isa = XCConfigurationList;
			buildConfigurations = (
				2210F9482A27573000577DC9 /* Debug */,
				2210F9492A27573000577DC9 /* Release */,
			);
			defaultConfigurationIsVisible = 0;
			defaultConfigurationName = Release;
		};
/* End XCConfigurationList section */
	};
	rootObject = 2210F92B2A27572F00577DC9 /* Project object */;
}
